[[package]]
name = "appdirs"
version = "1.4.4"
summary = "A small Python module for determining appropriate platform-specific dirs, e.g. a \"user data dir\"."

[[package]]
name = "arpeggio"
version = "1.10.2"
summary = "Packrat parser interpreter"

[[package]]
name = "atomicwrites"
version = "1.4.0"
requires_python = ">=2.7,!=3.0.*,!=3.1.*,!=3.2.*,!=3.3.*"
summary = "Atomic file writes."

[[package]]
name = "atoml"
version = "1.0.1"
requires_python = ">=3.6"
summary = "Yet another style preserving TOML library"

[[package]]
name = "attrs"
version = "21.2.0"
requires_python = ">=2.7,!=3.0.*,!=3.1.*,!=3.2.*,!=3.3.*,!=3.4.*"
summary = "Classes Without Boilerplate"

[[package]]
name = "cached-property"
version = "1.5.2"
summary = "A decorator for caching properties in classes."

[[package]]
name = "click"
version = "8.0.1"
requires_python = ">=3.6"
summary = "Composable command line interface toolkit"
dependencies = [
    "colorama; platform_system == \"Windows\"",
    "importlib-metadata; python_version < \"3.8\"",
]

[[package]]
name = "click-default-group"
version = "1.2.2"
summary = "Extends click.Group to invoke a command without explicit subcommand name"
dependencies = [
    "click",
]

[[package]]
name = "colorama"
version = "0.4.4"
requires_python = ">=2.7,!=3.0.*,!=3.1.*,!=3.2.*,!=3.3.*,!=3.4.*"
summary = "Cross-platform colored terminal text."

[[package]]
name = "distlib"
version = "0.3.2"
summary = "Distribution utilities"

[[package]]
name = "importlib-metadata"
version = "4.3.1"
requires_python = ">=3.6"
summary = "Read metadata from Python packages"
dependencies = [
    "typing-extensions>=3.6.4; python_version < \"3.8\"",
    "zipp>=0.5",
]

[[package]]
name = "incremental"
version = "21.3.0"
summary = "A small library that versions your Python projects."

[[package]]
name = "iniconfig"
version = "1.1.1"
summary = "iniconfig: brain-dead simple config-ini parsing"

[[package]]
name = "jinja2"
version = "3.0.1"
requires_python = ">=3.6"
summary = "A very fast and expressive template engine."
dependencies = [
    "MarkupSafe>=2.0",
]

[[package]]
name = "MarkupSafe"
version = "2.0.1"
requires_python = ">=3.6"
summary = "Safely add untrusted strings to HTML/XML markup."

[[package]]
name = "packaging"
version = "20.9"
requires_python = ">=2.7,!=3.0.*,!=3.1.*,!=3.2.*,!=3.3.*"
summary = "Core utilities for Python packages"
dependencies = [
    "pyparsing>=2.0.2",
]

[[package]]
name = "parver"
version = "0.3.1"
requires_python = ">=2.7,!=3.0.*,!=3.1.*,!=3.2.*,!=3.3.*"
summary = "Parse and manipulate version numbers."
dependencies = [
    "arpeggio~=1.7",
    "attrs>=19.2",
    "six~=1.13",
]

[[package]]
name = "pdm"
version = "1.6.2"
requires_python = ">=3.7"
summary = "Python Development Master"
dependencies = [
    "appdirs",
    "atoml~=1.0",
    "click",
    "distlib>=0.3.1",
    "importlib-metadata; python_version < \"3.8\"",
    "pdm-pep517<0.8.0,>=0.7.0",
    "pep517",
    "pip>=20.1",
    "python-cfonts",
    "python-dotenv<1.0.0,>=0.15.0",
    "pythonfinder",
    "resolvelib<0.8.0,>=0.7.0",
    "shellingham<2.0.0,>=1.3.2",
    "wheel<1.0.0,>=0.36.2",
]

[[package]]
name = "pdm-pep517"
version = "0.7.4"
requires_python = ">=3.6"
summary = "A PEP 517 backend for PDM that supports PEP 621 metadata"

[[package]]
name = "pep517"
version = "0.10.0"
summary = "Wrappers to build Python packages using PEP 517 hooks"
dependencies = [
    "importlib-metadata; python_version < \"3.8\"",
    "toml",
    "zipp; python_version < \"3.8\"",
]

[[package]]
name = "pip"
version = "21.1.2"
requires_python = ">=3.6"
summary = "The PyPA recommended tool for installing Python packages."

[[package]]
name = "pluggy"
version = "0.13.1"
requires_python = ">=2.7,!=3.0.*,!=3.1.*,!=3.2.*,!=3.3.*"
summary = "plugin and hook calling mechanisms for python"
dependencies = [
    "importlib-metadata>=0.12; python_version < \"3.8\"",
]

[[package]]
name = "py"
version = "1.10.0"
requires_python = ">=2.7,!=3.0.*,!=3.1.*,!=3.2.*,!=3.3.*"
summary = "library with cross-python path, ini-parsing, io, code, log facilities"

[[package]]
name = "pyparsing"
version = "2.4.7"
requires_python = ">=2.6,!=3.0.*,!=3.1.*,!=3.2.*"
summary = "Python parsing module"

[[package]]
name = "pytest"
version = "6.2.4"
requires_python = ">=3.6"
summary = "pytest: simple powerful testing with Python"
dependencies = [
    "atomicwrites>=1.0; sys_platform == \"win32\"",
    "attrs>=19.2.0",
    "colorama; sys_platform == \"win32\"",
    "importlib-metadata>=0.12; python_version < \"3.8\"",
    "iniconfig",
    "packaging",
    "pluggy<1.0.0a1,>=0.12",
    "py>=1.8.2",
    "toml",
]

[[package]]
name = "python-cfonts"
version = "1.5.0"
requires_python = ">=3.6"
summary = "Sexy fonts for the console"
dependencies = [
    "colorama",
]

[[package]]
name = "python-dotenv"
version = "0.17.1"
summary = "Read key-value pairs from a .env file and set them as environment variables"

[[package]]
name = "pythonfinder"
version = "1.2.6"
requires_python = ">=2.7,!=3.0.*,!=3.1.*,!=3.2.*,!=3.3.*"
summary = "A cross-platform python discovery tool to help locate python on any system."
dependencies = [
    "attrs",
    "cached-property",
    "click",
    "packaging",
    "six",
]

[[package]]
name = "resolvelib"
version = "0.7.0"
summary = "Resolve abstract dependencies into concrete ones"

[[package]]
name = "shellingham"
version = "1.4.0"
requires_python = ">=2.6,!=3.0.0,!=3.1.0,!=3.2.0,!=3.3.0"
summary = "Tool to Detect Surrounding Shell"

[[package]]
name = "six"
version = "1.16.0"
requires_python = ">=2.7,!=3.0.*,!=3.1.*,!=3.2.*"
summary = "Python 2 and 3 compatibility utilities"

[[package]]
name = "toml"
version = "0.10.2"
requires_python = ">=2.6,!=3.0.*,!=3.1.*,!=3.2.*"
summary = "Python Library for Tom's Obvious, Minimal Language"

[[package]]
name = "towncrier"
version = "19.9.0"
summary = "Building newsfiles for your project."
dependencies = [
    "click",
    "click-default-group",
    "incremental",
    "jinja2",
    "toml",
]

[[package]]
name = "typing-extensions"
version = "3.10.0.0"
summary = "Backported and Experimental Type Hints for Python 3.5+"

[[package]]
name = "wheel"
version = "0.36.2"
requires_python = ">=2.7,!=3.0.*,!=3.1.*,!=3.2.*,!=3.3.*,!=3.4.*"
summary = "A built-package format for Python"

[[package]]
name = "zipp"
version = "3.4.1"
requires_python = ">=3.6"
summary = "Backport of pathlib-compatible object wrapper for zip files"

[metadata]
lock_version = "3"
content_hash = "sha256:5919b70f8e6822fa0967665c9eba6c57fa812faa9b0df7d32d70da89142cd4f3"

[metadata.files]
"appdirs 1.4.4" = [
    {file = "appdirs-1.4.4-py2.py3-none-any.whl", hash = "sha256:a841dacd6b99318a741b166adb07e19ee71a274450e68237b4650ca1055ab128"},
    {file = "appdirs-1.4.4.tar.gz", hash = "sha256:7d5d0167b2b1ba821647616af46a749d1c653740dd0d2415100fe26e27afdf41"},
]
"arpeggio 1.10.2" = [
    {file = "Arpeggio-1.10.2-py2.py3-none-any.whl", hash = "sha256:fed68a1cb7f529cbd4d725597cc811b7506885fcdef17d4cdcf564341a1e210b"},
    {file = "Arpeggio-1.10.2.tar.gz", hash = "sha256:bfe349f252f82f82d84cb886f1d5081d1a31451e6045275e9f90b65d0daa06f1"},
]
"atomicwrites 1.4.0" = [
    {file = "atomicwrites-1.4.0-py2.py3-none-any.whl", hash = "sha256:6d1784dea7c0c8d4a5172b6c620f40b6e4cbfdf96d783691f2e1302a7b88e197"},
    {file = "atomicwrites-1.4.0.tar.gz", hash = "sha256:ae70396ad1a434f9c7046fd2dd196fc04b12f9e91ffb859164193be8b6168a7a"},
]
"atoml 1.0.1" = [
    {file = "atoml-1.0.1-py3-none-any.whl", hash = "sha256:d548546234d04df56da21863b94fdb95de6779c09dbdc21032f10b772d1d9625"},
    {file = "atoml-1.0.1.tar.gz", hash = "sha256:f8180558dcb74891325e05776f07f8780a7ed9b20948693d07366bff55d3470d"},
]
"attrs 21.2.0" = [
    {file = "attrs-21.2.0-py2.py3-none-any.whl", hash = "sha256:149e90d6d8ac20db7a955ad60cf0e6881a3f20d37096140088356da6c716b0b1"},
    {file = "attrs-21.2.0.tar.gz", hash = "sha256:ef6aaac3ca6cd92904cdd0d83f629a15f18053ec84e6432106f7a4d04ae4f5fb"},
]
"cached-property 1.5.2" = [
    {file = "cached_property-1.5.2-py2.py3-none-any.whl", hash = "sha256:df4f613cf7ad9a588cc381aaf4a512d26265ecebd5eb9e1ba12f1319eb85a6a0"},
    {file = "cached-property-1.5.2.tar.gz", hash = "sha256:9fa5755838eecbb2d234c3aa390bd80fbd3ac6b6869109bfc1b499f7bd89a130"},
]
"click 8.0.1" = [
    {file = "click-8.0.1-py3-none-any.whl", hash = "sha256:fba402a4a47334742d782209a7c79bc448911afe1149d07bdabdf480b3e2f4b6"},
    {file = "click-8.0.1.tar.gz", hash = "sha256:8c04c11192119b1ef78ea049e0a6f0463e4c48ef00a30160c704337586f3ad7a"},
]
"click-default-group 1.2.2" = [
    {file = "click-default-group-1.2.2.tar.gz", hash = "sha256:d9560e8e8dfa44b3562fbc9425042a0fd6d21956fcc2db0077f63f34253ab904"},
]
"colorama 0.4.4" = [
    {file = "colorama-0.4.4-py2.py3-none-any.whl", hash = "sha256:9f47eda37229f68eee03b24b9748937c7dc3868f906e8ba69fbcbdd3bc5dc3e2"},
    {file = "colorama-0.4.4.tar.gz", hash = "sha256:5941b2b48a20143d2267e95b1c2a7603ce057ee39fd88e7329b0c292aa16869b"},
]
"distlib 0.3.2" = [
    {file = "distlib-0.3.2-py2.py3-none-any.whl", hash = "sha256:23e223426b28491b1ced97dc3bbe183027419dfc7982b4fa2f05d5f3ff10711c"},
    {file = "distlib-0.3.2.zip", hash = "sha256:106fef6dc37dd8c0e2c0a60d3fca3e77460a48907f335fa28420463a6f799736"},
]
"importlib-metadata 4.3.1" = [
    {file = "importlib_metadata-4.3.1-py3-none-any.whl", hash = "sha256:c2e27fa8b6c8b34ebfcd4056ae2ca290e36250d1fbeceec85c1c67c711449fac"},
    {file = "importlib_metadata-4.3.1.tar.gz", hash = "sha256:2d932ea08814f745863fd20172fe7de4794ad74567db78f2377343e24520a5b6"},
]
"incremental 21.3.0" = [
    {file = "incremental-21.3.0-py2.py3-none-any.whl", hash = "sha256:92014aebc6a20b78a8084cdd5645eeaa7f74b8933f70fa3ada2cfbd1e3b54321"},
    {file = "incremental-21.3.0.tar.gz", hash = "sha256:02f5de5aff48f6b9f665d99d48bfc7ec03b6e3943210de7cfc88856d755d6f57"},
]
"iniconfig 1.1.1" = [
    {file = "iniconfig-1.1.1-py2.py3-none-any.whl", hash = "sha256:011e24c64b7f47f6ebd835bb12a743f2fbe9a26d4cecaa7f53bc4f35ee9da8b3"},
    {file = "iniconfig-1.1.1.tar.gz", hash = "sha256:bc3af051d7d14b2ee5ef9969666def0cd1a000e121eaea580d4a313df4b37f32"},
]
"jinja2 3.0.1" = [
    {file = "Jinja2-3.0.1-py3-none-any.whl", hash = "sha256:1f06f2da51e7b56b8f238affdd6b4e2c61e39598a378cc49345bc1bd42a978a4"},
    {file = "Jinja2-3.0.1.tar.gz", hash = "sha256:703f484b47a6af502e743c9122595cc812b0271f661722403114f71a79d0f5a4"},
]
"markupsafe 2.0.1" = [
    {file = "MarkupSafe-2.0.1-cp36-cp36m-macosx_10_9_x86_64.whl", hash = "sha256:f9081981fe268bd86831e5c75f7de206ef275defcb82bc70740ae6dc507aee51"},
    {file = "MarkupSafe-2.0.1-cp36-cp36m-manylinux1_i686.whl", hash = "sha256:0955295dd5eec6cb6cc2fe1698f4c6d84af2e92de33fbcac4111913cd100a6ff"},
    {file = "MarkupSafe-2.0.1-cp36-cp36m-manylinux1_x86_64.whl", hash = "sha256:0446679737af14f45767963a1a9ef7620189912317d095f2d9ffa183a4d25d2b"},
    {file = "MarkupSafe-2.0.1-cp36-cp36m-manylinux2010_i686.whl", hash = "sha256:f826e31d18b516f653fe296d967d700fddad5901ae07c622bb3705955e1faa94"},
    {file = "MarkupSafe-2.0.1-cp36-cp36m-manylinux2010_x86_64.whl", hash = "sha256:fa130dd50c57d53368c9d59395cb5526eda596d3ffe36666cd81a44d56e48872"},
    {file = "MarkupSafe-2.0.1-cp36-cp36m-manylinux2014_aarch64.whl", hash = "sha256:905fec760bd2fa1388bb5b489ee8ee5f7291d692638ea5f67982d968366bef9f"},
    {file = "MarkupSafe-2.0.1-cp36-cp36m-win32.whl", hash = "sha256:6c4ca60fa24e85fe25b912b01e62cb969d69a23a5d5867682dd3e80b5b02581d"},
    {file = "MarkupSafe-2.0.1-cp36-cp36m-win_amd64.whl", hash = "sha256:b2f4bf27480f5e5e8ce285a8c8fd176c0b03e93dcc6646477d4630e83440c6a9"},
    {file = "MarkupSafe-2.0.1-cp37-cp37m-macosx_10_9_x86_64.whl", hash = "sha256:0717a7390a68be14b8c793ba258e075c6f4ca819f15edfc2a3a027c823718567"},
    {file = "MarkupSafe-2.0.1-cp37-cp37m-manylinux1_i686.whl", hash = "sha256:6557b31b5e2c9ddf0de32a691f2312a32f77cd7681d8af66c2692efdbef84c18"},
    {file = "MarkupSafe-2.0.1-cp37-cp37m-manylinux1_x86_64.whl", hash = "sha256:49e3ceeabbfb9d66c3aef5af3a60cc43b85c33df25ce03d0031a608b0a8b2e3f"},
    {file = "MarkupSafe-2.0.1-cp37-cp37m-manylinux2010_i686.whl", hash = "sha256:d7f9850398e85aba693bb640262d3611788b1f29a79f0c93c565694658f4071f"},
    {file = "MarkupSafe-2.0.1-cp37-cp37m-manylinux2010_x86_64.whl", hash = "sha256:6a7fae0dd14cf60ad5ff42baa2e95727c3d81ded453457771d02b7d2b3f9c0c2"},
    {file = "MarkupSafe-2.0.1-cp37-cp37m-manylinux2014_aarch64.whl", hash = "sha256:b7f2d075102dc8c794cbde1947378051c4e5180d52d276987b8d28a3bd58c17d"},
    {file = "MarkupSafe-2.0.1-cp37-cp37m-win32.whl", hash = "sha256:a30e67a65b53ea0a5e62fe23682cfe22712e01f453b95233b25502f7c61cb415"},
    {file = "MarkupSafe-2.0.1-cp37-cp37m-win_amd64.whl", hash = "sha256:611d1ad9a4288cf3e3c16014564df047fe08410e628f89805e475368bd304914"},
    {file = "MarkupSafe-2.0.1-cp38-cp38-macosx_10_9_x86_64.whl", hash = "sha256:be98f628055368795d818ebf93da628541e10b75b41c559fdf36d104c5787066"},
    {file = "MarkupSafe-2.0.1-cp38-cp38-manylinux1_i686.whl", hash = "sha256:1d609f577dc6e1aa17d746f8bd3c31aa4d258f4070d61b2aa5c4166c1539de35"},
    {file = "MarkupSafe-2.0.1-cp38-cp38-manylinux1_x86_64.whl", hash = "sha256:7d91275b0245b1da4d4cfa07e0faedd5b0812efc15b702576d103293e252af1b"},
    {file = "MarkupSafe-2.0.1-cp38-cp38-manylinux2010_i686.whl", hash = "sha256:01a9b8ea66f1658938f65b93a85ebe8bc016e6769611be228d797c9d998dd298"},
    {file = "MarkupSafe-2.0.1-cp38-cp38-manylinux2010_x86_64.whl", hash = "sha256:47ab1e7b91c098ab893b828deafa1203de86d0bc6ab587b160f78fe6c4011f75"},
    {file = "MarkupSafe-2.0.1-cp38-cp38-manylinux2014_aarch64.whl", hash = "sha256:97383d78eb34da7e1fa37dd273c20ad4320929af65d156e35a5e2d89566d9dfb"},
    {file = "MarkupSafe-2.0.1-cp38-cp38-win32.whl", hash = "sha256:023cb26ec21ece8dc3907c0e8320058b2e0cb3c55cf9564da612bc325bed5e64"},
    {file = "MarkupSafe-2.0.1-cp38-cp38-win_amd64.whl", hash = "sha256:984d76483eb32f1bcb536dc27e4ad56bba4baa70be32fa87152832cdd9db0833"},
    {file = "MarkupSafe-2.0.1-cp39-cp39-macosx_10_9_universal2.whl", hash = "sha256:2ef54abee730b502252bcdf31b10dacb0a416229b72c18b19e24a4509f273d26"},
    {file = "MarkupSafe-2.0.1-cp39-cp39-macosx_10_9_x86_64.whl", hash = "sha256:3c112550557578c26af18a1ccc9e090bfe03832ae994343cfdacd287db6a6ae7"},
    {file = "MarkupSafe-2.0.1-cp39-cp39-manylinux1_i686.whl", hash = "sha256:53edb4da6925ad13c07b6d26c2a852bd81e364f95301c66e930ab2aef5b5ddd8"},
    {file = "MarkupSafe-2.0.1-cp39-cp39-manylinux1_x86_64.whl", hash = "sha256:f5653a225f31e113b152e56f154ccbe59eeb1c7487b39b9d9f9cdb58e6c79dc5"},
    {file = "MarkupSafe-2.0.1-cp39-cp39-manylinux2010_i686.whl", hash = "sha256:4efca8f86c54b22348a5467704e3fec767b2db12fc39c6d963168ab1d3fc9135"},
    {file = "MarkupSafe-2.0.1-cp39-cp39-manylinux2010_x86_64.whl", hash = "sha256:ab3ef638ace319fa26553db0624c4699e31a28bb2a835c5faca8f8acf6a5a902"},
    {file = "MarkupSafe-2.0.1-cp39-cp39-manylinux2014_aarch64.whl", hash = "sha256:f8ba0e8349a38d3001fae7eadded3f6606f0da5d748ee53cc1dab1d6527b9509"},
    {file = "MarkupSafe-2.0.1-cp39-cp39-win32.whl", hash = "sha256:10f82115e21dc0dfec9ab5c0223652f7197feb168c940f3ef61563fc2d6beb74"},
    {file = "MarkupSafe-2.0.1-cp39-cp39-win_amd64.whl", hash = "sha256:693ce3f9e70a6cf7d2fb9e6c9d8b204b6b39897a2c4a1aa65728d5ac97dcc1d8"},
    {file = "MarkupSafe-2.0.1.tar.gz", hash = "sha256:594c67807fb16238b30c44bdf74f36c02cdf22d1c8cda91ef8a0ed8dabf5620a"},
]
"packaging 20.9" = [
    {file = "packaging-20.9-py2.py3-none-any.whl", hash = "sha256:67714da7f7bc052e064859c05c595155bd1ee9f69f76557e21f051443c20947a"},
    {file = "packaging-20.9.tar.gz", hash = "sha256:5b327ac1320dc863dca72f4514ecc086f31186744b84a230374cc1fd776feae5"},
]
"parver 0.3.1" = [
    {file = "parver-0.3.1-py2.py3-none-any.whl", hash = "sha256:41a548c51b006a2f2522b54293cbfd2514bffa10774ece8430c9964a20cbd8b4"},
    {file = "parver-0.3.1.tar.gz", hash = "sha256:c902e0653bcce927cc156a7fd9b3a51924cbce3bf3d0bfd49fc282bfd0c5dfd3"},
]
"pdm 1.6.2" = [
    {file = "pdm-1.6.2-py3-none-any.whl", hash = "sha256:242c0373b5b7efd0b9b821c54553b28b1f9826d11f9578085238c7cb5fb77716"},
    {file = "pdm-1.6.2.tar.gz", hash = "sha256:e403a43f49230458a9712def22c77a89a8907379cf3cfc1087d9a3e74a59fcd2"},
]
"pdm-pep517 0.7.4" = [
    {file = "pdm_pep517-0.7.4-py3-none-any.whl", hash = "sha256:1e9b1eeddc9ab208f44dac18a3192eadb8b7a431aa50f707e6bdb5e353bd40f9"},
    {file = "pdm-pep517-0.7.4.tar.gz", hash = "sha256:538409c63131d6c52ce8dc7dd3d78a033dcdad07f1c71f542add77e70fa9cb55"},
]
"pep517 0.10.0" = [
    {file = "pep517-0.10.0-py2.py3-none-any.whl", hash = "sha256:eba39d201ef937584ad3343df3581069085bacc95454c80188291d5b3ac7a249"},
    {file = "pep517-0.10.0.tar.gz", hash = "sha256:ac59f3f6b9726a49e15a649474539442cf76e0697e39df4869d25e68e880931b"},
]
"pip 21.1.2" = [
    {file = "pip-21.1.2-py3-none-any.whl", hash = "sha256:f8ea1baa693b61c8ad1c1d8715e59ab2b93cd3c4769bacab84afcc4279e7a70e"},
    {file = "pip-21.1.2.tar.gz", hash = "sha256:eb5df6b9ab0af50fe1098a52fd439b04730b6e066887ff7497357b9ebd19f79b"},
]
"pluggy 0.13.1" = [
    {file = "pluggy-0.13.1-py2.py3-none-any.whl", hash = "sha256:966c145cd83c96502c3c3868f50408687b38434af77734af1e9ca461a4081d2d"},
    {file = "pluggy-0.13.1.tar.gz", hash = "sha256:15b2acde666561e1298d71b523007ed7364de07029219b604cf808bfa1c765b0"},
]
"py 1.10.0" = [
    {file = "py-1.10.0-py2.py3-none-any.whl", hash = "sha256:3b80836aa6d1feeaa108e046da6423ab8f6ceda6468545ae8d02d9d58d18818a"},
    {file = "py-1.10.0.tar.gz", hash = "sha256:21b81bda15b66ef5e1a777a21c4dcd9c20ad3efd0b3f817e7a809035269e1bd3"},
]
"pyparsing 2.4.7" = [
    {file = "pyparsing-2.4.7-py2.py3-none-any.whl", hash = "sha256:ef9d7589ef3c200abe66653d3f1ab1033c3c419ae9b9bdb1240a85b024efc88b"},
    {file = "pyparsing-2.4.7.tar.gz", hash = "sha256:c203ec8783bf771a155b207279b9bccb8dea02d8f0c9e5f8ead507bc3246ecc1"},
]
"pytest 6.2.4" = [
    {file = "pytest-6.2.4-py3-none-any.whl", hash = "sha256:91ef2131a9bd6be8f76f1f08eac5c5317221d6ad1e143ae03894b862e8976890"},
    {file = "pytest-6.2.4.tar.gz", hash = "sha256:50bcad0a0b9c5a72c8e4e7c9855a3ad496ca6a881a3641b4260605450772c54b"},
]
"python-cfonts 1.5.0" = [
    {file = "python_cfonts-1.5.0-py3-none-any.whl", hash = "sha256:ba78bbeb8884820cb1bb525af851124816318dfc22a74a61e905224281af3121"},
    {file = "python-cfonts-1.5.0.tar.gz", hash = "sha256:76db1912c65d322abf5ba7be939e7b0862d239d0dee7321a6afb003b26fc8f62"},
]
"python-dotenv 0.17.1" = [
    {file = "python_dotenv-0.17.1-py2.py3-none-any.whl", hash = "sha256:00aa34e92d992e9f8383730816359647f358f4a3be1ba45e5a5cefd27ee91544"},
    {file = "python-dotenv-0.17.1.tar.gz", hash = "sha256:b1ae5e9643d5ed987fc57cc2583021e38db531946518130777734f9589b3141f"},
]
"pythonfinder 1.2.6" = [
    {file = "pythonfinder-1.2.6-py2.py3-none-any.whl", hash = "sha256:3712d0d63307b93c4dcb11cac2c391b16fe9b8c6c67dfcf48f4c0777c6d509e8"},
    {file = "pythonfinder-1.2.6.tar.gz", hash = "sha256:21ffb77b152ae14c5c7d9b1c98c6df0a1a34d4b3e050da39f561224e7664a5f4"},
]
"resolvelib 0.7.0" = [
    {file = "resolvelib-0.7.0-py2.py3-none-any.whl", hash = "sha256:f8a62e4fdf30b8d57834e4383fa09557de5c6d3a3e68455a082806cfcb6cfe7a"},
    {file = "resolvelib-0.7.0.tar.gz", hash = "sha256:8840a8bf49fd56cff51398ebfe090e5d6aeaf4c4102472bff006aca7db470868"},
]
"shellingham 1.4.0" = [
    {file = "shellingham-1.4.0-py2.py3-none-any.whl", hash = "sha256:536b67a0697f2e4af32ab176c00a50ac2899c5a05e0d8e2dadac8e58888283f9"},
    {file = "shellingham-1.4.0.tar.gz", hash = "sha256:4855c2458d6904829bd34c299f11fdeed7cfefbf8a2c522e4caea6cd76b3171e"},
]
"six 1.16.0" = [
    {file = "six-1.16.0-py2.py3-none-any.whl", hash = "sha256:8abb2f1d86890a2dfb989f9a77cfcfd3e47c2a354b01111771326f8aa26e0254"},
    {file = "six-1.16.0.tar.gz", hash = "sha256:1e61c37477a1626458e36f7b1d82aa5c9b094fa4802892072e49de9c60c4c926"},
]
"toml 0.10.2" = [
    {file = "toml-0.10.2-py2.py3-none-any.whl", hash = "sha256:806143ae5bfb6a3c6e736a764057db0e6a0e05e338b5630894a5f779cabb4f9b"},
    {file = "toml-0.10.2.tar.gz", hash = "sha256:b3bda1d108d5dd99f4a20d24d9c348e91c4db7ab1b749200bded2f839ccbe68f"},
]
"towncrier 19.9.0" = [
    {file = "towncrier-19.9.0-py2.py3-none-any.whl", hash = "sha256:8726035bc95b1146640bf49ce8693465b54e37a791697e3119ab43dbe30a577a"},
    {file = "towncrier-19.9.0.tar.gz", hash = "sha256:19916889879353a8863f3de8cb1ef19b305a0b5cfd9d36159d76ca2fef08e9aa"},
]
"typing-extensions 3.10.0.0" = [
    {file = "typing_extensions-3.10.0.0-py2-none-any.whl", hash = "sha256:0ac0f89795dd19de6b97debb0c6af1c70987fd80a2d62d1958f7e56fcc31b497"},
    {file = "typing_extensions-3.10.0.0-py3-none-any.whl", hash = "sha256:779383f6086d90c99ae41cf0ff39aac8a7937a9283ce0a414e5dd782f4c94a84"},
    {file = "typing_extensions-3.10.0.0.tar.gz", hash = "sha256:50b6f157849174217d0656f99dc82fe932884fb250826c18350e159ec6cdf342"},
]
"wheel 0.36.2" = [
    {file = "wheel-0.36.2-py2.py3-none-any.whl", hash = "sha256:78b5b185f0e5763c26ca1e324373aadd49182ca90e825f7853f4b2509215dc0e"},
    {file = "wheel-0.36.2.tar.gz", hash = "sha256:e11eefd162658ea59a60a0f6c7d493a7190ea4b9a85e335b33489d9f17e0245e"},
]
"zipp 3.4.1" = [
    {file = "zipp-3.4.1-py3-none-any.whl", hash = "sha256:51cb66cc54621609dd593d1787f286ee42a5c0adbb4b29abea5a63edc3e03098"},
    {file = "zipp-3.4.1.tar.gz", hash = "sha256:3607921face881ba3e026887d8150cca609d517579abe052ac81fc5aeffdbd76"},
]
